// !$*UTF8*$!
{
	archiveVersion = 1;
	classes = {
	};
	objectVersion = 46;
	objects = {

/* Begin PBXBuildFile section */
		E461E8E41BAD124C00C746B8 /* AppDelegate.swift in Sources */ = {isa = PBXBuildFile; fileRef = E461E8E31BAD124C00C746B8 /* AppDelegate.swift */; };
		E461E8E61BAD124C00C746B8 /* ViewController.swift in Sources */ = {isa = PBXBuildFile; fileRef = E461E8E51BAD124C00C746B8 /* ViewController.swift */; };
		E461E8E91BAD124C00C746B8 /* Main.storyboard in Resources */ = {isa = PBXBuildFile; fileRef = E461E8E71BAD124C00C746B8 /* Main.storyboard */; };
		E461E8EB1BAD124C00C746B8 /* Assets.xcassets in Resources */ = {isa = PBXBuildFile; fileRef = E461E8EA1BAD124C00C746B8 /* Assets.xcassets */; };
		E461E8EE1BAD124C00C746B8 /* LaunchScreen.storyboard in Resources */ = {isa = PBXBuildFile; fileRef = E461E8EC1BAD124C00C746B8 /* LaunchScreen.storyboard */; };
/* End PBXBuildFile section */

/* Begin PBXFileReference section */
		E461E8E01BAD124C00C746B8 /* SimpleCalculatorApp.app */ = {isa = PBXFileReference; explicitFileType = wrapper.application; includeInIndex = 0; path = SimpleCalculatorApp.app; sourceTree = BUILT_PRODUCTS_DIR; };
		E461E8E31BAD124C00C746B8 /* AppDelegate.swift */ = {isa = PBXFileReference; lastKnownFileType = sourcecode.swift; path = AppDelegate.swift; sourceTree = "<group>"; };
		E461E8E51BAD124C00C746B8 /* ViewController.swift */ = {isa = PBXFileReference; lastKnownFileType = sourcecode.swift; path = ViewController.swift; sourceTree = "<group>"; };
		E461E8E81BAD124C00C746B8 /* Base */ = {isa = PBXFileReference; lastKnownFileType = file.storyboard; name = Base; path = Base.lproj/Main.storyboard; sourceTree = "<group>"; };
		E461E8EA1BAD124C00C746B8 /* Assets.xcassets */ = {isa = PBXFileReference; lastKnownFileType = folder.assetcatalog; path = Assets.xcassets; sourceTree = "<group>"; };
		E461E8ED1BAD124C00C746B8 /* Base */ = {isa = PBXFileReference; lastKnownFileType = file.storyboard; name = Base; path = Base.lproj/LaunchScreen.storyboard; sourceTree = "<group>"; };
		E461E8EF1BAD124C00C746B8 /* Info.plist */ = {isa = PBXFileReference; lastKnownFileType = text.plist.xml; path = Info.plist; sourceTree = "<group>"; };
/* End PBXFileReference section */

/* Begin PBXFrameworksBuildPhase section */
		E461E8DD1BAD124C00C746B8 /* Frameworks */ = {
			isa = PBXFrameworksBuildPhase;
			buildActionMask = 2147483647;
			files = (
			);
			runOnlyForDeploymentPostprocessing = 0;
		};
/* End PBXFrameworksBuildPhase section */

/* Begin PBXGroup section */
		E461E8D71BAD124C00C746B8 = {
			isa = PBXGroup;
			children = (
				E461E8E21BAD124C00C746B8 /* SimpleCalculatorApp */,
				E461E8E11BAD124C00C746B8 /* Products */,
			);
			sourceTree = "<group>";
		};
		E461E8E11BAD124C00C746B8 /* Products */ = {
			isa = PBXGroup;
			children = (
				E461E8E01BAD124C00C746B8 /* SimpleCalculatorApp.app */,
			);
			name = Products;
			sourceTree = "<group>";
		};
		E461E8E21BAD124C00C746B8 /* SimpleCalculatorApp */ = {
			isa = PBXGroup;
			children = (
				E461E8E31BAD124C00C746B8 /* AppDelegate.swift */,
				E461E8E51BAD124C00C746B8 /* ViewController.swift */,
				E461E8E71BAD124C00C746B8 /* Main.storyboard */,
				E461E8EA1BAD124C00C746B8 /* Assets.xcassets */,
				E461E8EC1BAD124C00C746B8 /* LaunchScreen.storyboard */,
				E461E8EF1BAD124C00C746B8 /* Info.plist */,
			);
			path = SimpleCalculatorApp;
			sourceTree = "<group>";
		};
/* End PBXGroup section */

/* Begin PBXNativeTarget section */
		E461E8DF1BAD124C00C746B8 /* SimpleCalculatorApp */ = {
			isa = PBXNativeTarget;
			buildConfigurationList = E461E8F21BAD124C00C746B8 /* Build configuration list for PBXNativeTarget "SimpleCalculatorApp" */;
			buildPhases = (
				E461E8DC1BAD124C00C746B8 /* Sources */,
				E461E8DD1BAD124C00C746B8 /* Frameworks */,
				E461E8DE1BAD124C00C746B8 /* Resources */,
			);
			buildRules = (
			);
			dependencies = (
			);
			name = SimpleCalculatorApp;
			productName = SimpleCalculatorApp;
			productReference = E461E8E01BAD124C00C746B8 /* SimpleCalculatorApp.app */;
			productType = "com.apple.product-type.application";
		};
/* End PBXNativeTarget section */

/* Begin PBXProject section */
		E461E8D81BAD124C00C746B8 /* Project object */ = {
			isa = PBXProject;
			attributes = {
				LastUpgradeCheck = 0710;
				ORGANIZATIONNAME = Shanky;
				TargetAttributes = {
					E461E8DF1BAD124C00C746B8 = {
						CreatedOnToolsVersion = 7.1;
					};
				};
			};
			buildConfigurationList = E461E8DB1BAD124C00C746B8 /* Build configuration list for PBXProject "SimpleCalculatorApp" */;
			compatibilityVersion = "Xcode 3.2";
			developmentRegion = English;
			hasScannedForEncodings = 0;
			knownRegions = (
				en,
				Base,
			);
			mainGroup = E461E8D71BAD124C00C746B8;
			productRefGroup = E461E8E11BAD124C00C746B8 /* Products */;
			projectDirPath = "";
			projectRoot = "";
			targets = (
				E461E8DF1BAD124C00C746B8 /* SimpleCalculatorApp */,
			);
		};
/* End PBXProject section */

/* Begin PBXResourcesBuildPhase section */
		E461E8DE1BAD124C00C746B8 /* Resources */ = {
			isa = PBXResourcesBuildPhase;
			buildActionMask = 2147483647;
			files = (
				E461E8EE1BAD124C00C746B8 /* LaunchScreen.storyboard in Resources */,
				E461E8EB1BAD124C00C746B8 /* Assets.xcassets in Resources */,
				E461E8E91BAD124C00C746B8 /* Main.storyboard in Resources */,
			);
			runOnlyForDeploymentPostprocessing = 0;
		};
/* End PBXResourcesBuildPhase section */

/* Begin PBXSourcesBuildPhase section */
		E461E8DC1BAD124C00C746B8 /* Sources */ = {
			isa = PBXSourcesBuildPhase;
			buildActionMask = 2147483647;
			files = (
				E461E8E61BAD124C00C746B8 /* ViewController.swift in Sources */,
				E461E8E41BAD124C00C746B8 /* AppDelegate.swift in Sources */,
			);
			runOnlyForDeploymentPostprocessing = 0;
		};
/* End PBXSourcesBuildPhase section */

/* Begin PBXVariantGroup section */
		E461E8E71BAD124C00C746B8 /* Main.storyboard */ = {
			isa = PBXVariantGroup;
			children = (
				E461E8E81BAD124C00C746B8 /* Base */,
			);
			name = Main.storyboard;
			sourceTree = "<group>";
		};
		E461E8EC1BAD124C00C746B8 /* LaunchScreen.storyboard */ = {
			isa = PBXVariantGroup;
			children = (
				E461E8ED1BAD124C00C746B8 /* Base */,
			);
			name = LaunchScreen.storyboard;
			sourceTree = "<group>";
		};
/* End PBXVariantGroup section */

/* Begin XCBuildConfiguration section */
		E461E8F01BAD124C00C746B8 /* Debug */ = {
			isa = XCBuildConfiguration;
			buildSettings = {
				ALWAYS_SEARCH_USER_PATHS = NO;
				CLANG_CXX_LANGUAGE_STANDARD = "gnu++0x";
				CLANG_CXX_LIBRARY = "libc++";
				CLANG_ENABLE_MODULES = YES;
				CLANG_ENABLE_OBJC_ARC = YES;
				CLANG_WARN_BOOL_CONVERSION = YES;
				CLANG_WARN_CONSTANT_CONVERSION = YES;
				CLANG_WARN_DIRECT_OBJC_ISA_USAGE = YES_ERROR;
				CLANG_WARN_EMPTY_BODY = YES;
				CLANG_WARN_ENUM_CONVERSION = YES;
				CLANG_WARN_INT_CONVERSION = YES;
				CLANG_WARN_OBJC_ROOT_CLASS = YES_ERROR;
				CLANG_WARN_UNREACHABLE_CODE = YES;
				CLANG_WARN__DUPLICATE_METHOD_MATCH = YES;
				"CODE_SIGN_IDENTITY[sdk=iphoneos*]" = "iPhone Developer";
				COPY_PHASE_STRIP = NO;
				DEBUG_INFORMATION_FORMAT = dwarf;
				ENABLE_STRICT_OBJC_MSGSEND = YES;
				ENABLE_TESTABILITY = YES;
				GCC_C_LANGUAGE_STANDARD = gnu99;
				GCC_DYNAMIC_NO_PIC = NO;
				GCC_NO_COMMON_BLOCKS = YES;
				GCC_OPTIMIZATION_LEVEL = 0;
				GCC_PREPROCESSOR_DEFINITIONS = (
					"DEBUG=1",
					"$(inherited)",
				);
				GCC_WARN_64_TO_32_BIT_CONVERSION = YES;
				GCC_WARN_ABOUT_RETURN_TYPE = YES_ERROR;
				GCC_WARN_UNDECLARED_SELECTOR = YES;
				GCC_WARN_UNINITIALIZED_AUTOS = YES_AGGRESSIVE;
				GCC_WARN_UNUSED_FUNCTION = YES;
				GCC_WARN_UNUSED_VARIABLE = YES;
				IPHONEOS_DEPLOYMENT_TARGET = 9.1;
				MTL_ENABLE_DEBUG_INFO = YES;
				ONLY_ACTIVE_ARCH = YES;
				SDKROOT = iphoneos;
				SWIFT_OPTIMIZATION_LEVEL = "-Onone";
				TARGETED_DEVICE_FAMILY = "1,2";
			};
			name = Debug;
		};
		E461E8F11BAD124C00C746B8 /* Release */ = {
			isa = XCBuildConfiguration;
			buildSettings = {
				ALWAYS_SEARCH_USER_PATHS = NO;
				CLANG_CXX_LANGUAGE_STANDARD = "gnu++0x";
				CLANG_CXX_LIBRARY = "libc++";
				CLANG_ENABLE_MODULES = YES;
				CLANG_ENABLE_OBJC_ARC = YES;
				CLANG_WARN_BOOL_CONVERSION = YES;
				CLANG_WARN_CONSTANT_CONVERSION = YES;
				CLANG_WARN_DIRECT_OBJC_ISA_USAGE = YES_ERROR;
				CLANG_WARN_EMPTY_BODY = YES;
				CLANG_WARN_ENUM_CONVERSION = YES;
				CLANG_WARN_INT_CONVERSION = YES;
				CLANG_WARN_OBJC_ROOT_CLASS = YES_ERROR;
				CLANG_WARN_UNREACHABLE_CODE = YES;
				CLANG_WARN__DUPLICATE_METHOD_MATCH = YES;
				"CODE_SIGN_IDENTITY[sdk=iphoneos*]" = "iPhone Developer";
				COPY_PHASE_STRIP = NO;
				DEBUG_INFORMATION_FORMAT = "dwarf-with-dsym";
				ENABLE_NS_ASSERTIONS = NO;
				ENABLE_STRICT_OBJC_MSGSEND = YES;
				GCC_C_LANGUAGE_STANDARD = gnu99;
				GCC_NO_COMMON_BLOCKS = YES;
				GCC_WARN_64_TO_32_BIT_CONVERSION = YES;
				GCC_WARN_ABOUT_RETURN_TYPE = YES_ERROR;
				GCC_WARN_UNDECLARED_SELECTOR = YES;
				GCC_WARN_UNINITIALIZED_AUTOS = YES_AGGRESSIVE;
				GCC_WARN_UNUSED_FUNCTION = YES;
				GCC_WARN_UNUSED_VARIABLE = YES;
				IPHONEOS_DEPLOYMENT_TARGET = 9.1;
				MTL_ENABLE_DEBUG_INFO = NO;
				SDKROOT = iphoneos;
				TARGETED_DEVICE_FAMILY = "1,2";
				VALIDATE_PRODUCT = YES;
			};
			name = Release;
		};
		E461E8F31BAD124C00C746B8 /* Debug */ = {
			isa = XCBuildConfiguration;
			buildSettings = {
				ASSETCATALOG_COMPILER_APPICON_NAME = AppIcon;
				INFOPLIST_FILE = SimpleCalculatorApp/Info.plist;
				LD_RUNPATH_SEARCH_PATHS = "$(inherited) @executable_path/Frameworks";
				PRODUCT_BUNDLE_IDENTIFIER = self.edu.SimpleCalculatorApp;
				PRODUCT_NAME = "$(TARGET_NAME)";
			};
			name = Debug;
		};
		E461E8F41BAD124C00C746B8 /* Release */ = {
			isa = XCBuildConfiguration;
			buildSettings = {
				ASSETCATALOG_COMPILER_APPICON_NAME = AppIcon;
				INFOPLIST_FILE = SimpleCalculatorApp/Info.plist;
				LD_RUNPATH_SEARCH_PATHS = "$(inherited) @executable_path/Frameworks";
				PRODUCT_BUNDLE_IDENTIFIER = self.edu.SimpleCalculatorApp;
				PRODUCT_NAME = "$(TARGET_NAME)";
			};
			name = Release;
		};
/* End XCBuildConfiguration section */

/* Begin XCConfigurationList section */
		E461E8DB1BAD124C00C746B8 /* Build configuration list for PBXProject "SimpleCalculatorApp" */ = {
			isa = XCConfigurationList;
			buildConfigurations = (
				E461E8F01BAD124C00C746B8 /* Debug */,
				E461E8F11BAD124C00C746B8 /* Release */,
			);
			defaultConfigurationIsVisible = 0;
			defaultConfigurationName = Release;
		};
		E461E8F21BAD124C00C746B8 /* Build configuration list for PBXNativeTarget "SimpleCalculatorApp" */ = {
			isa = XCConfigurationList;
			buildConfigurations = (
				E461E8F31BAD124C00C746B8 /* Debug */,
				E461E8F41BAD124C00C746B8 /* Release */,
			);
			defaultConfigurationIsVisible = 0;
		};
/* End XCConfigurationList section */
	};
	rootObject = E461E8D81BAD124C00C746B8 /* Project object */;
}
